
Microsoft Visual Studio Solution File, Format Version 12.00
# Visual Studio 15
VisualStudioVersion = 15.0.26430.16
MinimumVisualStudioVersion = 10.0.40219.1
Project("{8BC9CEB8-8B4A-11D0-8D11-00A0C91BC942}") = "reflective_dll", "dll\reflective_dll.vcxproj", "{3A371EBD-EEE1-4B2A-88B9-93E7BABE0949}"
EndProject
Project("{8BC9CEB8-8B4A-11D0-8D11-00A0C91BC942}") = "hashcalc", "hashcalc\hashcalc.vcxproj", "{AFA1BC48-91BB-4CC7-BFB2-4F4CFAA80C7C}"
EndProject
Project("{8BC9CEB8-8B4A-11D0-8D11-00A0C91BC942}") = "inject", "inject\inject.vcxproj", "{8D61BF1C-FADA-41EF-B387-B33E5B3CDBAA}"
EndProject
Global
	GlobalSection(SolutionConfigurationPlatforms) = preSolution
		Debug|Win32 = Debug|Win32
		Debug|x64 = Debug|x64
		Release|Win32 = Release|Win32
		Release|x64 = Release|x64
	EndGlobalSection
	GlobalSection(ProjectConfigurationPlatforms) = postSolution
		{3A371EBD-EEE1-4B2A-88B9-93E7BABE0949}.Debug|Win32.ActiveCfg = Debug|Win32
		{3A371EBD-EEE1-4B2A-88B9-93E7BABE0949}.Debug|Win32.Build.0 = Debug|Win32
		{3A371EBD-EEE1-4B2A-88B9-93E7BABE0949}.Debug|x64.ActiveCfg = Debug|x64
		{3A371EBD-EEE1-4B2A-88B9-93E7BABE0949}.Debug|x64.Build.0 = Debug|x64
		{3A371EBD-EEE1-4B2A-88B9-93E7BABE0949}.Release|Win32.ActiveCfg = Release|Win32
		{3A371EBD-EEE1-4B2A-88B9-93E7BABE0949}.Release|Win32.Build.0 = Release|Win32
		{3A371EBD-EEE1-4B2A-88B9-93E7BABE0949}.Release|x64.ActiveCfg = Release|x64
		{3A371EBD-EEE1-4B2A-88B9-93E7BABE0949}.Release|x64.Build.0 = Release|x64
		{AFA1BC48-91BB-4CC7-BFB2-4F4CFAA80C7C}.Debug|Win32.ActiveCfg = Debug|Win32
		{AFA1BC48-91BB-4CC7-BFB2-4F4CFAA80C7C}.Debug|Win32.Build.0 = Debug|Win32
		{AFA1BC48-91BB-4CC7-BFB2-4F4CFAA80C7C}.Debug|x64.ActiveCfg = Debug|Win32
		{AFA1BC48-91BB-4CC7-BFB2-4F4CFAA80C7C}.Release|Win32.ActiveCfg = Release|Win32
		{AFA1BC48-91BB-4CC7-BFB2-4F4CFAA80C7C}.Release|Win32.Build.0 = Release|Win32
		{AFA1BC48-91BB-4CC7-BFB2-4F4CFAA80C7C}.Release|x64.ActiveCfg = Release|Win32
		{8D61BF1C-FADA-41EF-B387-B33E5B3CDBAA}.Debug|Win32.ActiveCfg = Debug|Win32
		{8D61BF1C-FADA-41EF-B387-B33E5B3CDBAA}.Debug|Win32.Build.0 = Debug|Win32
		{8D61BF1C-FADA-41EF-B387-B33E5B3CDBAA}.Debug|x64.ActiveCfg = Debug|x64
		{8D61BF1C-FADA-41EF-B387-B33E5B3CDBAA}.Debug|x64.Build.0 = Debug|x64
		{8D61BF1C-FADA-41EF-B387-B33E5B3CDBAA}.Release|Win32.ActiveCfg = Release|Win32
		{8D61BF1C-FADA-41EF-B387-B33E5B3CDBAA}.Release|Win32.Build.0 = Release|Win32
		{8D61BF1C-FADA-41EF-B387-B33E5B3CDBAA}.Release|x64.ActiveCfg = Release|x64
		{8D61BF1C-FADA-41EF-B387-B33E5B3CDBAA}.Release|x64.Build.0 = Release|x64
	EndGlobalSection
	GlobalSection(SolutionProperties) = preSolution
		HideSolutionNode = FALSE
	EndGlobalSection
EndGlobal
